{
    "_readme": [
        "This file locks the dependencies of your project to a known state",
        "Read more about it at http://getcomposer.org/doc/01-basic-usage.md#composer-lock-the-lock-file",
        "This file is @generated automatically"
    ],
    "hash": "09aa4088c6791204a84b1c84c7fd10c2",
    "packages": [
        {
            "name": "ruckusing/ruckusing-migrations",
            "version": "dev-master",
            "source": {
                "type": "git",
                "url": "http://dev.ufds.lan/git/ruckusing-migrations.git",
                "reference": "98022aa5c1bccf3f905db6d6bbe3da7f1e21b46f"
            },
            "require": {
                "php": ">=5.2.0"
            },
            "require-dev": {
                "phpunit/phpunit": "3.7.*"
            },
            "bin": [
                "ruckus.php"
            ],
            "type": "library",
            "autoload": {
                "psr-0": {
                    "Ruckusing": "lib/",
                    "Task": "lib/"
                }
            },
            "license": [
                "MIT"
            ],
            "authors": [
                {
                    "name": "Cody Caughlan",
                    "email": "codycaughlan@gmail.com",
                    "homepage": "https://github.com/ruckus/ruckusing-migrations/wiki",
                    "role": "Project lead / Developer"
                }
            ],
            "description": "Framework for generating and managing database migrations",
            "homepage": "https://github.com/ruckus/ruckusing-migrations",
            "keywords": [
                "database",
                "migrations",
                "mysql",
                "postgres",
                "rake",
                "ruckusing",
                "task"
            ],
            "support": {
                "email": "codycaughlan@gmail.com",
                "issues": "https://github.com/ruckus/ruckusing-migrations/issues",
                "source": "https://github.com/ruckus/ruckusing-migrations"
            },
            "time": "2013-06-03 07:05:26"
        },
        {
            "name": "ufds/libtypes",
            "version": "dev-master",
            "source": {
                "type": "git",
                "url": "http://dev.ufds.lan/git/libtypes.git",
                "reference": "aa0a32fdf8e511d69fa16b1c7c769833acedcd57"
            },
            "type": "library",
            "license": [
                "UFDS privat"
            ],
            "description": "UFDS standard types",
            "time": "2015-03-18 12:20:08"
        },
        {
            "name": "ufds/libutil",
            "version": "dev-master",
            "source": {
                "type": "git",
                "url": "http://dev.ufds.lan/git/libutil.git",
                "reference": "3c49c54ebd5666597b511af7ec7d4fe9c77a82a3"
            },
            "type": "library",
            "license": [
                "UFDS privat"
            ],
            "description": "Package of utils",
            "time": "2014-07-16 07:36:08"
        }
    ],
    "packages-dev": [],
    "aliases": [],
    "minimum-stability": "stable",
    "stability-flags": {
        "ruckusing/ruckusing-migrations": 20,
        "ufds/libutil": 20,
        "ufds/libtypes": 20
    },
    "prefer-stable": false,
    "platform": [],
    "platform-dev": []
}
