{
    "_readme": [
        "This file locks the dependencies of your project to a known state",
        "Read more about it at http://getcomposer.org/doc/01-basic-usage.md#composer-lock-the-lock-file"
    ],
    "hash": "59376b4355f00cd0d85ee6fcd6f1a92a",
    "packages": [
        {
            "name": "ruckusing/ruckusing-migrations",
            "version": "dev-master",
            "source": {
                "type": "git",
                "url": "http://dev.ufds.lan/git/ruckusing-migrations.git",
                "reference": "98022aa5c1bccf3f905db6d6bbe3da7f1e21b46f"
            },
            "require": {
                "php": ">=5.2.0"
            },
            "require-dev": {
                "phpunit/phpunit": "3.7.*"
            },
            "bin": [
                "ruckus.php"
            ],
            "type": "library",
            "autoload": {
                "psr-0": {
                    "Ruckusing": "lib/",
                    "Task": "lib/"
                }
            },
            "license": [
                "MIT"
            ],
            "authors": [
                {
                    "name": "Cody Caughlan",
                    "email": "codycaughlan@gmail.com",
                    "homepage": "https://github.com/ruckus/ruckusing-migrations/wiki",
                    "role": "Project lead / Developer"
                }
            ],
            "description": "Framework for generating and managing database migrations",
            "homepage": "https://github.com/ruckus/ruckusing-migrations",
            "keywords": [
                "database",
                "migrations",
                "mysql",
                "postgres",
                "rake",
                "ruckusing",
                "task"
            ],
            "support": {
                "email": "codycaughlan@gmail.com",
                "issues": "https://github.com/ruckus/ruckusing-migrations/issues",
                "source": "https://github.com/ruckus/ruckusing-migrations"
            },
            "time": "2013-06-03 07:05:26"
        },
        {
            "name": "ufds/libutil",
            "version": "dev-master",
            "source": {
                "type": "git",
                "url": "http://dev.ufds.lan/git/libutil.git",
                "reference": "92f1a7ecac5a696eaf310a336535883be10799c5"
            },
            "type": "library",
            "license": [
                "UFDS privat"
            ],
            "description": "Package of utils",
            "time": "2014-03-10 12:29:53"
        }
    ],
    "packages-dev": [

    ],
    "aliases": [

    ],
    "minimum-stability": "stable",
    "stability-flags": {
        "ruckusing/ruckusing-migrations": 20,
        "ufds/libutil": 20
    },
    "platform": [

    ],
    "platform-dev": [

    ]
}
