{
    "hash": "d2ceb8fb54f9db4c15f9e5dc22b189df",
    "packages": [
        {
            "name": "ruckusing/ruckusing-migrations",
            "version": "dev-master",
            "source": {
                "type": "git",
                "url": "https://github.com/ruckus/ruckusing-migrations.git",
                "reference": "d2b0d738b5d57541e0cda8d53e3a22570b8b91ea"
            },
            "dist": {
                "type": "zip",
                "url": "https://github.com/ruckus/ruckusing-migrations/archive/d2b0d738b5d57541e0cda8d53e3a22570b8b91ea.zip",
                "reference": "d2b0d738b5d57541e0cda8d53e3a22570b8b91ea",
                "shasum": ""
            },
            "require": {
                "php": ">=5"
            },
            "time": "1352852652",
            "bin": [
                "generate.php",
                "main.php",
                "update_ruckusing_database.php"
            ],
            "type": "library",
            "installation-source": "source",
            "license": [
                "LGPL-2.1+"
            ],
            "authors": [
                {
                    "name": "Cody Caughlan",
                    "email": "codycaughlan@gmail.com",
                    "homepage": "https://github.com/ruckus/ruckusing-migrations/wiki",
                    "role": "Project lead / Developer"
                }
            ],
            "description": "Framework for generating and managing database migrations",
            "keywords": [
                "ruckusing",
                "database",
                "migrations"
            ],
            "support": {
                "source": "https://github.com/ruckus/ruckusing-migrations/tree/master",
                "issues": "https://github.com/ruckus/ruckusing-migrations/issues"
            }
        }
    ],
    "packages-dev": null,
    "aliases": [

    ],
    "minimum-stability": "stable",
    "stability-flags": {
        "ruckusing/ruckusing-migrations": 20
    }
}
